// !$*UTF8*$!
{
	archiveVersion = 1;
	classes = {
	};
	objectVersion = 46;
	objects = {

/* Begin PBXBuildFile section */
		2E02D193162974B3003200E8 /* UIKit.framework in Frameworks */ = {isa = PBXBuildFile; fileRef = 2E02D192162974B3003200E8 /* UIKit.framework */; };
		2E02D195162974B3003200E8 /* Foundation.framework in Frameworks */ = {isa = PBXBuildFile; fileRef = 2E02D194162974B3003200E8 /* Foundation.framework */; };
		2E02D197162974B3003200E8 /* CoreGraphics.framework in Frameworks */ = {isa = PBXBuildFile; fileRef = 2E02D196162974B3003200E8 /* CoreGraphics.framework */; };
		2E02D19D162974B3003200E8 /* InfoPlist.strings in Resources */ = {isa = PBXBuildFile; fileRef = 2E02D19B162974B3003200E8 /* InfoPlist.strings */; };
		2E02D19F162974B3003200E8 /* main.m in Sources */ = {isa = PBXBuildFile; fileRef = 2E02D19E162974B3003200E8 /* main.m */; };
		2E02D1A3162974B3003200E8 /* AppDelegate.m in Sources */ = {isa = PBXBuildFile; fileRef = 2E02D1A2162974B3003200E8 /* AppDelegate.m */; };
		2E02D1A5162974B3003200E8 /* Default.png in Resources */ = {isa = PBXBuildFile; fileRef = 2E02D1A4162974B3003200E8 /* Default.png */; };
		2E02D1A7162974B3003200E8 /* Default@2x.png in Resources */ = {isa = PBXBuildFile; fileRef = 2E02D1A6162974B3003200E8 /* Default@2x.png */; };
		2E02D1A9162974B3003200E8 /* Default-568h@2x.png in Resources */ = {isa = PBXBuildFile; fileRef = 2E02D1A8162974B3003200E8 /* Default-568h@2x.png */; };
		2E02D1AC162974B3003200E8 /* TaskViewController.m in Sources */ = {isa = PBXBuildFile; fileRef = 2E02D1AB162974B3003200E8 /* TaskViewController.m */; };
		2E02D1AF162974B3003200E8 /* TaskViewController_iPhone.xib in Resources */ = {isa = PBXBuildFile; fileRef = 2E02D1AD162974B3003200E8 /* TaskViewController_iPhone.xib */; };
		2E02D1BA16297704003200E8 /* Task.m in Sources */ = {isa = PBXBuildFile; fileRef = 2E02D1B916297704003200E8 /* Task.m */; };
		2E02D1BD16297806003200E8 /* MapKit.framework in Frameworks */ = {isa = PBXBuildFile; fileRef = 2E02D1BC16297806003200E8 /* MapKit.framework */; };
		2E02D1BF16297814003200E8 /* CoreLocation.framework in Frameworks */ = {isa = PBXBuildFile; fileRef = 2E02D1BE16297814003200E8 /* CoreLocation.framework */; };
		2E02D1C316297D64003200E8 /* TaskViewController_iPad.xib in Resources */ = {isa = PBXBuildFile; fileRef = 2E02D1C116297D64003200E8 /* TaskViewController_iPad.xib */; };
		2E02D1D116298D97003200E8 /* TaskDetailViewController.m in Sources */ = {isa = PBXBuildFile; fileRef = 2E02D1CF16298D97003200E8 /* TaskDetailViewController.m */; };
		2E02D1D216298D97003200E8 /* TaskDetailViewController_iPad.xib in Resources */ = {isa = PBXBuildFile; fileRef = 2E02D1D016298D97003200E8 /* TaskDetailViewController_iPad.xib */; };
		2E02D1D416298DDD003200E8 /* TaskDetailViewController_iPhone.xib in Resources */ = {isa = PBXBuildFile; fileRef = 2E02D1D316298DDD003200E8 /* TaskDetailViewController_iPhone.xib */; };
		2E02D1D716299CD8003200E8 /* TaskViewControllerPad.m in Sources */ = {isa = PBXBuildFile; fileRef = 2E02D1D616299CD8003200E8 /* TaskViewControllerPad.m */; };
		2E02D1DC16299D5B003200E8 /* TaskViewControllerPhone.m in Sources */ = {isa = PBXBuildFile; fileRef = 2E02D1DB16299D5B003200E8 /* TaskViewControllerPhone.m */; };
		2E02D1DF1629A2D6003200E8 /* TaskDetailViewControllerPhone.m in Sources */ = {isa = PBXBuildFile; fileRef = 2E02D1DE1629A2D6003200E8 /* TaskDetailViewControllerPhone.m */; };
		2E02D1E21629A2F2003200E8 /* TaskDetailViewControllerPad.m in Sources */ = {isa = PBXBuildFile; fileRef = 2E02D1E11629A2F2003200E8 /* TaskDetailViewControllerPad.m */; };
		2E02D1E71629B301003200E8 /* TaskWebViewController.m in Sources */ = {isa = PBXBuildFile; fileRef = 2E02D1E51629B301003200E8 /* TaskWebViewController.m */; };
		2E02D1E81629B301003200E8 /* TaskWebViewController_iPhone.xib in Resources */ = {isa = PBXBuildFile; fileRef = 2E02D1E61629B301003200E8 /* TaskWebViewController_iPhone.xib */; };
		2E02D1EA1629B32B003200E8 /* TaskWebViewController_iPad.xib in Resources */ = {isa = PBXBuildFile; fileRef = 2E02D1E91629B32B003200E8 /* TaskWebViewController_iPad.xib */; };
		2E02D1EF1629B7C9003200E8 /* TaskMapViewController.m in Sources */ = {isa = PBXBuildFile; fileRef = 2E02D1ED1629B7C9003200E8 /* TaskMapViewController.m */; };
		2E02D1F01629B7C9003200E8 /* TaskMapViewController_iPhone.xib in Resources */ = {isa = PBXBuildFile; fileRef = 2E02D1EE1629B7C9003200E8 /* TaskMapViewController_iPhone.xib */; };
		2E02D1F41629B80B003200E8 /* TaskMapViewController_iPad.xib in Resources */ = {isa = PBXBuildFile; fileRef = 2E02D1F31629B80B003200E8 /* TaskMapViewController_iPad.xib */; };
		2E1980B4162AFDF40088B0AC /* TaskCreateViewController.m in Sources */ = {isa = PBXBuildFile; fileRef = 2E1980B2162AFDF40088B0AC /* TaskCreateViewController.m */; };
		2E1980B5162AFDF40088B0AC /* TaskCreateViewController_iPhone.xib in Resources */ = {isa = PBXBuildFile; fileRef = 2E1980B3162AFDF40088B0AC /* TaskCreateViewController_iPhone.xib */; };
		2E1980B7162AFE1A0088B0AC /* TaskCreateViewController_iPad.xib in Resources */ = {isa = PBXBuildFile; fileRef = 2E1980B6162AFE1A0088B0AC /* TaskCreateViewController_iPad.xib */; };
		2E19810E162C5E860088B0AC /* Data.plist in Resources */ = {isa = PBXBuildFile; fileRef = 2E19810D162C5E860088B0AC /* Data.plist */; };
		2E198113162C60E00088B0AC /* TaksStockService.m in Sources */ = {isa = PBXBuildFile; fileRef = 2E198112162C60E00088B0AC /* TaksStockService.m */; };
		79AD23D8162B1A2A00D054DB /* TPKeyboardAvoidingScrollView.m in Sources */ = {isa = PBXBuildFile; fileRef = 79AD23D7162B1A2A00D054DB /* TPKeyboardAvoidingScrollView.m */; };
		79AD23E3162B1D9400D054DB /* DatePickerViewController.m in Sources */ = {isa = PBXBuildFile; fileRef = 79AD23E1162B1D9400D054DB /* DatePickerViewController.m */; };
		79AD23E4162B1D9400D054DB /* DatePickerViewController_iPad.xib in Resources */ = {isa = PBXBuildFile; fileRef = 79AD23E2162B1D9400D054DB /* DatePickerViewController_iPad.xib */; };
		79AD23E6162B1DBF00D054DB /* DatePickerViewController_iPhone.xib in Resources */ = {isa = PBXBuildFile; fileRef = 79AD23E5162B1DBF00D054DB /* DatePickerViewController_iPhone.xib */; };
		79AD23F6162B5E8C00D054DB /* icon-retina.png in Resources */ = {isa = PBXBuildFile; fileRef = 79AD23F4162B5E8C00D054DB /* icon-retina.png */; };
		79AD23F7162B5E8C00D054DB /* icon-normal.png in Resources */ = {isa = PBXBuildFile; fileRef = 79AD23F5162B5E8C00D054DB /* icon-normal.png */; };
/* End PBXBuildFile section */

/* Begin PBXFileReference section */
		2E02D18E162974B3003200E8 /* TaskManager.app */ = {isa = PBXFileReference; explicitFileType = wrapper.application; includeInIndex = 0; path = TaskManager.app; sourceTree = BUILT_PRODUCTS_DIR; };
		2E02D192162974B3003200E8 /* UIKit.framework */ = {isa = PBXFileReference; lastKnownFileType = wrapper.framework; name = UIKit.framework; path = System/Library/Frameworks/UIKit.framework; sourceTree = SDKROOT; };
		2E02D194162974B3003200E8 /* Foundation.framework */ = {isa = PBXFileReference; lastKnownFileType = wrapper.framework; name = Foundation.framework; path = System/Library/Frameworks/Foundation.framework; sourceTree = SDKROOT; };
		2E02D196162974B3003200E8 /* CoreGraphics.framework */ = {isa = PBXFileReference; lastKnownFileType = wrapper.framework; name = CoreGraphics.framework; path = System/Library/Frameworks/CoreGraphics.framework; sourceTree = SDKROOT; };
		2E02D19A162974B3003200E8 /* TaskManager-Info.plist */ = {isa = PBXFileReference; lastKnownFileType = text.plist.xml; path = "TaskManager-Info.plist"; sourceTree = "<group>"; };
		2E02D19C162974B3003200E8 /* en */ = {isa = PBXFileReference; lastKnownFileType = text.plist.strings; name = en; path = en.lproj/InfoPlist.strings; sourceTree = "<group>"; };
		2E02D19E162974B3003200E8 /* main.m */ = {isa = PBXFileReference; lastKnownFileType = sourcecode.c.objc; path = main.m; sourceTree = "<group>"; };
		2E02D1A0162974B3003200E8 /* TaskManager-Prefix.pch */ = {isa = PBXFileReference; lastKnownFileType = sourcecode.c.h; path = "TaskManager-Prefix.pch"; sourceTree = "<group>"; };
		2E02D1A1162974B3003200E8 /* AppDelegate.h */ = {isa = PBXFileReference; lastKnownFileType = sourcecode.c.h; path = AppDelegate.h; sourceTree = "<group>"; };
		2E02D1A2162974B3003200E8 /* AppDelegate.m */ = {isa = PBXFileReference; lastKnownFileType = sourcecode.c.objc; path = AppDelegate.m; sourceTree = "<group>"; };
		2E02D1A4162974B3003200E8 /* Default.png */ = {isa = PBXFileReference; lastKnownFileType = image.png; path = Default.png; sourceTree = "<group>"; };
		2E02D1A6162974B3003200E8 /* Default@2x.png */ = {isa = PBXFileReference; lastKnownFileType = image.png; path = "Default@2x.png"; sourceTree = "<group>"; };
		2E02D1A8162974B3003200E8 /* Default-568h@2x.png */ = {isa = PBXFileReference; lastKnownFileType = image.png; path = "Default-568h@2x.png"; sourceTree = "<group>"; };
		2E02D1AA162974B3003200E8 /* TaskViewController.h */ = {isa = PBXFileReference; lastKnownFileType = sourcecode.c.h; path = TaskViewController.h; sourceTree = "<group>"; };
		2E02D1AB162974B3003200E8 /* TaskViewController.m */ = {isa = PBXFileReference; lastKnownFileType = sourcecode.c.objc; path = TaskViewController.m; sourceTree = "<group>"; };
		2E02D1AE162974B3003200E8 /* en */ = {isa = PBXFileReference; lastKnownFileType = file.xib; name = en; path = en.lproj/TaskViewController_iPhone.xib; sourceTree = "<group>"; };
		2E02D1B816297704003200E8 /* Task.h */ = {isa = PBXFileReference; fileEncoding = 4; lastKnownFileType = sourcecode.c.h; path = Task.h; sourceTree = "<group>"; };
		2E02D1B916297704003200E8 /* Task.m */ = {isa = PBXFileReference; fileEncoding = 4; lastKnownFileType = sourcecode.c.objc; path = Task.m; sourceTree = "<group>"; };
		2E02D1BC16297806003200E8 /* MapKit.framework */ = {isa = PBXFileReference; lastKnownFileType = wrapper.framework; name = MapKit.framework; path = System/Library/Frameworks/MapKit.framework; sourceTree = SDKROOT; };
		2E02D1BE16297814003200E8 /* CoreLocation.framework */ = {isa = PBXFileReference; lastKnownFileType = wrapper.framework; name = CoreLocation.framework; path = System/Library/Frameworks/CoreLocation.framework; sourceTree = SDKROOT; };
		2E02D1C216297D64003200E8 /* en */ = {isa = PBXFileReference; lastKnownFileType = file.xib; name = en; path = en.lproj/TaskViewController_iPad.xib; sourceTree = "<group>"; };
		2E02D1CE16298D97003200E8 /* TaskDetailViewController.h */ = {isa = PBXFileReference; fileEncoding = 4; lastKnownFileType = sourcecode.c.h; path = TaskDetailViewController.h; sourceTree = "<group>"; };
		2E02D1CF16298D97003200E8 /* TaskDetailViewController.m */ = {isa = PBXFileReference; fileEncoding = 4; lastKnownFileType = sourcecode.c.objc; path = TaskDetailViewController.m; sourceTree = "<group>"; };
		2E02D1D016298D97003200E8 /* TaskDetailViewController_iPad.xib */ = {isa = PBXFileReference; fileEncoding = 4; lastKnownFileType = file.xib; path = TaskDetailViewController_iPad.xib; sourceTree = "<group>"; };
		2E02D1D316298DDD003200E8 /* TaskDetailViewController_iPhone.xib */ = {isa = PBXFileReference; fileEncoding = 4; lastKnownFileType = file.xib; path = TaskDetailViewController_iPhone.xib; sourceTree = "<group>"; };
		2E02D1D516299CD8003200E8 /* TaskViewControllerPad.h */ = {isa = PBXFileReference; fileEncoding = 4; lastKnownFileType = sourcecode.c.h; path = TaskViewControllerPad.h; sourceTree = "<group>"; };
		2E02D1D616299CD8003200E8 /* TaskViewControllerPad.m */ = {isa = PBXFileReference; fileEncoding = 4; lastKnownFileType = sourcecode.c.objc; path = TaskViewControllerPad.m; sourceTree = "<group>"; };
		2E02D1DA16299D5B003200E8 /* TaskViewControllerPhone.h */ = {isa = PBXFileReference; fileEncoding = 4; lastKnownFileType = sourcecode.c.h; path = TaskViewControllerPhone.h; sourceTree = "<group>"; };
		2E02D1DB16299D5B003200E8 /* TaskViewControllerPhone.m */ = {isa = PBXFileReference; fileEncoding = 4; lastKnownFileType = sourcecode.c.objc; path = TaskViewControllerPhone.m; sourceTree = "<group>"; };
		2E02D1DD1629A2D6003200E8 /* TaskDetailViewControllerPhone.h */ = {isa = PBXFileReference; fileEncoding = 4; lastKnownFileType = sourcecode.c.h; path = TaskDetailViewControllerPhone.h; sourceTree = "<group>"; };
		2E02D1DE1629A2D6003200E8 /* TaskDetailViewControllerPhone.m */ = {isa = PBXFileReference; fileEncoding = 4; lastKnownFileType = sourcecode.c.objc; path = TaskDetailViewControllerPhone.m; sourceTree = "<group>"; };
		2E02D1E01629A2F2003200E8 /* TaskDetailViewControllerPad.h */ = {isa = PBXFileReference; fileEncoding = 4; lastKnownFileType = sourcecode.c.h; path = TaskDetailViewControllerPad.h; sourceTree = "<group>"; };
		2E02D1E11629A2F2003200E8 /* TaskDetailViewControllerPad.m */ = {isa = PBXFileReference; fileEncoding = 4; lastKnownFileType = sourcecode.c.objc; path = TaskDetailViewControllerPad.m; sourceTree = "<group>"; };
		2E02D1E41629B301003200E8 /* TaskWebViewController.h */ = {isa = PBXFileReference; fileEncoding = 4; lastKnownFileType = sourcecode.c.h; path = TaskWebViewController.h; sourceTree = "<group>"; };
		2E02D1E51629B301003200E8 /* TaskWebViewController.m */ = {isa = PBXFileReference; fileEncoding = 4; lastKnownFileType = sourcecode.c.objc; path = TaskWebViewController.m; sourceTree = "<group>"; };
		2E02D1E61629B301003200E8 /* TaskWebViewController_iPhone.xib */ = {isa = PBXFileReference; fileEncoding = 4; lastKnownFileType = file.xib; path = TaskWebViewController_iPhone.xib; sourceTree = "<group>"; };
		2E02D1E91629B32B003200E8 /* TaskWebViewController_iPad.xib */ = {isa = PBXFileReference; fileEncoding = 4; lastKnownFileType = file.xib; path = TaskWebViewController_iPad.xib; sourceTree = "<group>"; };
		2E02D1EC1629B7C9003200E8 /* TaskMapViewController.h */ = {isa = PBXFileReference; fileEncoding = 4; lastKnownFileType = sourcecode.c.h; path = TaskMapViewController.h; sourceTree = "<group>"; };
		2E02D1ED1629B7C9003200E8 /* TaskMapViewController.m */ = {isa = PBXFileReference; fileEncoding = 4; lastKnownFileType = sourcecode.c.objc; path = TaskMapViewController.m; sourceTree = "<group>"; };
		2E02D1EE1629B7C9003200E8 /* TaskMapViewController_iPhone.xib */ = {isa = PBXFileReference; fileEncoding = 4; lastKnownFileType = file.xib; path = TaskMapViewController_iPhone.xib; sourceTree = "<group>"; };
		2E02D1F31629B80B003200E8 /* TaskMapViewController_iPad.xib */ = {isa = PBXFileReference; fileEncoding = 4; lastKnownFileType = file.xib; path = TaskMapViewController_iPad.xib; sourceTree = "<group>"; };
		2E1980B1162AFDF40088B0AC /* TaskCreateViewController.h */ = {isa = PBXFileReference; fileEncoding = 4; lastKnownFileType = sourcecode.c.h; path = TaskCreateViewController.h; sourceTree = "<group>"; };
		2E1980B2162AFDF40088B0AC /* TaskCreateViewController.m */ = {isa = PBXFileReference; fileEncoding = 4; lastKnownFileType = sourcecode.c.objc; path = TaskCreateViewController.m; sourceTree = "<group>"; };
		2E1980B3162AFDF40088B0AC /* TaskCreateViewController_iPhone.xib */ = {isa = PBXFileReference; fileEncoding = 4; lastKnownFileType = file.xib; path = TaskCreateViewController_iPhone.xib; sourceTree = "<group>"; };
		2E1980B6162AFE1A0088B0AC /* TaskCreateViewController_iPad.xib */ = {isa = PBXFileReference; fileEncoding = 4; lastKnownFileType = file.xib; path = TaskCreateViewController_iPad.xib; sourceTree = "<group>"; };
		2E19810D162C5E860088B0AC /* Data.plist */ = {isa = PBXFileReference; fileEncoding = 4; lastKnownFileType = text.plist.xml; path = Data.plist; sourceTree = "<group>"; };
		2E198111162C60E00088B0AC /* TaksStockService.h */ = {isa = PBXFileReference; fileEncoding = 4; lastKnownFileType = sourcecode.c.h; path = TaksStockService.h; sourceTree = "<group>"; };
		2E198112162C60E00088B0AC /* TaksStockService.m */ = {isa = PBXFileReference; fileEncoding = 4; lastKnownFileType = sourcecode.c.objc; path = TaksStockService.m; sourceTree = "<group>"; };
		79AD23D6162B1A2A00D054DB /* TPKeyboardAvoidingScrollView.h */ = {isa = PBXFileReference; fileEncoding = 4; lastKnownFileType = sourcecode.c.h; path = TPKeyboardAvoidingScrollView.h; sourceTree = "<group>"; };
		79AD23D7162B1A2A00D054DB /* TPKeyboardAvoidingScrollView.m */ = {isa = PBXFileReference; fileEncoding = 4; lastKnownFileType = sourcecode.c.objc; path = TPKeyboardAvoidingScrollView.m; sourceTree = "<group>"; };
		79AD23E0162B1D9400D054DB /* DatePickerViewController.h */ = {isa = PBXFileReference; fileEncoding = 4; lastKnownFileType = sourcecode.c.h; name = DatePickerViewController.h; path = TaskManager/DatePickerViewController.h; sourceTree = "<group>"; };
		79AD23E1162B1D9400D054DB /* DatePickerViewController.m */ = {isa = PBXFileReference; fileEncoding = 4; lastKnownFileType = sourcecode.c.objc; name = DatePickerViewController.m; path = TaskManager/DatePickerViewController.m; sourceTree = "<group>"; };
		79AD23E2162B1D9400D054DB /* DatePickerViewController_iPad.xib */ = {isa = PBXFileReference; fileEncoding = 4; lastKnownFileType = file.xib; name = DatePickerViewController_iPad.xib; path = TaskManager/DatePickerViewController_iPad.xib; sourceTree = "<group>"; };
		79AD23E5162B1DBF00D054DB /* DatePickerViewController_iPhone.xib */ = {isa = PBXFileReference; fileEncoding = 4; lastKnownFileType = file.xib; name = DatePickerViewController_iPhone.xib; path = TaskManager/DatePickerViewController_iPhone.xib; sourceTree = "<group>"; };
		79AD23F4162B5E8C00D054DB /* icon-retina.png */ = {isa = PBXFileReference; lastKnownFileType = image.png; path = "icon-retina.png"; sourceTree = "<group>"; };
		79AD23F5162B5E8C00D054DB /* icon-normal.png */ = {isa = PBXFileReference; lastKnownFileType = image.png; path = "icon-normal.png"; sourceTree = "<group>"; };
/* End PBXFileReference section */

/* Begin PBXFrameworksBuildPhase section */
		2E02D18B162974B3003200E8 /* Frameworks */ = {
			isa = PBXFrameworksBuildPhase;
			buildActionMask = 2147483647;
			files = (
				2E02D1BF16297814003200E8 /* CoreLocation.framework in Frameworks */,
				2E02D1BD16297806003200E8 /* MapKit.framework in Frameworks */,
				2E02D193162974B3003200E8 /* UIKit.framework in Frameworks */,
				2E02D195162974B3003200E8 /* Foundation.framework in Frameworks */,
				2E02D197162974B3003200E8 /* CoreGraphics.framework in Frameworks */,
			);
			runOnlyForDeploymentPostprocessing = 0;
		};
/* End PBXFrameworksBuildPhase section */

/* Begin PBXGroup section */
		2E02D183162974B3003200E8 = {
			isa = PBXGroup;
			children = (
				79AD23F4162B5E8C00D054DB /* icon-retina.png */,
				79AD23F5162B5E8C00D054DB /* icon-normal.png */,
				2E02D1BE16297814003200E8 /* CoreLocation.framework */,
				2E02D1BC16297806003200E8 /* MapKit.framework */,
				2E02D198162974B3003200E8 /* TaskManager */,
				2E02D191162974B3003200E8 /* Frameworks */,
				2E02D18F162974B3003200E8 /* Products */,
			);
			sourceTree = "<group>";
		};
		2E02D18F162974B3003200E8 /* Products */ = {
			isa = PBXGroup;
			children = (
				2E02D18E162974B3003200E8 /* TaskManager.app */,
			);
			name = Products;
			sourceTree = "<group>";
		};
		2E02D191162974B3003200E8 /* Frameworks */ = {
			isa = PBXGroup;
			children = (
				2E02D192162974B3003200E8 /* UIKit.framework */,
				2E02D194162974B3003200E8 /* Foundation.framework */,
				2E02D196162974B3003200E8 /* CoreGraphics.framework */,
			);
			name = Frameworks;
			sourceTree = "<group>";
		};
		2E02D198162974B3003200E8 /* TaskManager */ = {
			isa = PBXGroup;
			children = (
				2E198110162C60450088B0AC /* Services */,
				79AD23D2162B199800D054DB /* CustomUI */,
				2E02D1BB1629770A003200E8 /* Model */,
				2E02D1C016297C21003200E8 /* Controller */,
				2E02D1A1162974B3003200E8 /* AppDelegate.h */,
				2E02D1A2162974B3003200E8 /* AppDelegate.m */,
				2E02D199162974B3003200E8 /* Supporting Files */,
			);
			path = TaskManager;
			sourceTree = "<group>";
		};
		2E02D199162974B3003200E8 /* Supporting Files */ = {
			isa = PBXGroup;
			children = (
				2E02D19A162974B3003200E8 /* TaskManager-Info.plist */,
				2E02D19B162974B3003200E8 /* InfoPlist.strings */,
				2E02D19E162974B3003200E8 /* main.m */,
				2E02D1A0162974B3003200E8 /* TaskManager-Prefix.pch */,
				2E02D1A4162974B3003200E8 /* Default.png */,
				2E02D1A6162974B3003200E8 /* Default@2x.png */,
				2E02D1A8162974B3003200E8 /* Default-568h@2x.png */,
			);
			name = "Supporting Files";
			sourceTree = "<group>";
		};
		2E02D1BB1629770A003200E8 /* Model */ = {
			isa = PBXGroup;
			children = (
				2E02D1B816297704003200E8 /* Task.h */,
				2E02D1B916297704003200E8 /* Task.m */,
			);
			name = Model;
			sourceTree = "<group>";
		};
		2E02D1C016297C21003200E8 /* Controller */ = {
			isa = PBXGroup;
			children = (
				2E02D1D816299CE0003200E8 /* TaskViewController */,
				2E02D1D916299CF3003200E8 /* TaskDetailViewController */,
				2E02D1E31629B289003200E8 /* TaskWebViewController */,
				2E02D1EB1629B799003200E8 /* TaskMapViewController */,
				2E1980AF162AFD6A0088B0AC /* TaskCreateViewController */,
				79AD23D9162B1CB000D054DB /* DatePickerController */,
			);
			name = Controller;
			sourceTree = "<group>";
		};
		2E02D1D816299CE0003200E8 /* TaskViewController */ = {
			isa = PBXGroup;
			children = (
				2E02D1AA162974B3003200E8 /* TaskViewController.h */,
				2E02D1AB162974B3003200E8 /* TaskViewController.m */,
				2E02D1DA16299D5B003200E8 /* TaskViewControllerPhone.h */,
				2E02D1DB16299D5B003200E8 /* TaskViewControllerPhone.m */,
				2E02D1AD162974B3003200E8 /* TaskViewController_iPhone.xib */,
				2E02D1D516299CD8003200E8 /* TaskViewControllerPad.h */,
				2E02D1D616299CD8003200E8 /* TaskViewControllerPad.m */,
				2E02D1C116297D64003200E8 /* TaskViewController_iPad.xib */,
			);
			name = TaskViewController;
			sourceTree = "<group>";
		};
		2E02D1D916299CF3003200E8 /* TaskDetailViewController */ = {
			isa = PBXGroup;
			children = (
				2E02D1CE16298D97003200E8 /* TaskDetailViewController.h */,
				2E02D1CF16298D97003200E8 /* TaskDetailViewController.m */,
				2E02D1DD1629A2D6003200E8 /* TaskDetailViewControllerPhone.h */,
				2E02D1DE1629A2D6003200E8 /* TaskDetailViewControllerPhone.m */,
				2E02D1D316298DDD003200E8 /* TaskDetailViewController_iPhone.xib */,
				2E02D1E01629A2F2003200E8 /* TaskDetailViewControllerPad.h */,
				2E02D1E11629A2F2003200E8 /* TaskDetailViewControllerPad.m */,
				2E02D1D016298D97003200E8 /* TaskDetailViewController_iPad.xib */,
			);
			name = TaskDetailViewController;
			sourceTree = "<group>";
		};
		2E02D1E31629B289003200E8 /* TaskWebViewController */ = {
			isa = PBXGroup;
			children = (
				2E02D1E41629B301003200E8 /* TaskWebViewController.h */,
				2E02D1E51629B301003200E8 /* TaskWebViewController.m */,
				2E02D1E61629B301003200E8 /* TaskWebViewController_iPhone.xib */,
				2E02D1E91629B32B003200E8 /* TaskWebViewController_iPad.xib */,
			);
			name = TaskWebViewController;
			sourceTree = "<group>";
		};
		2E02D1EB1629B799003200E8 /* TaskMapViewController */ = {
			isa = PBXGroup;
			children = (
				2E02D1EC1629B7C9003200E8 /* TaskMapViewController.h */,
				2E02D1ED1629B7C9003200E8 /* TaskMapViewController.m */,
				2E02D1EE1629B7C9003200E8 /* TaskMapViewController_iPhone.xib */,
				2E02D1F31629B80B003200E8 /* TaskMapViewController_iPad.xib */,
			);
			name = TaskMapViewController;
			sourceTree = "<group>";
		};
		2E1980AF162AFD6A0088B0AC /* TaskCreateViewController */ = {
			isa = PBXGroup;
			children = (
				2E1980B1162AFDF40088B0AC /* TaskCreateViewController.h */,
				2E1980B2162AFDF40088B0AC /* TaskCreateViewController.m */,
				2E1980B3162AFDF40088B0AC /* TaskCreateViewController_iPhone.xib */,
				2E1980B6162AFE1A0088B0AC /* TaskCreateViewController_iPad.xib */,
			);
			name = TaskCreateViewController;
			sourceTree = "<group>";
		};
		2E198110162C60450088B0AC /* Services */ = {
			isa = PBXGroup;
			children = (
				2E19810D162C5E860088B0AC /* Data.plist */,
				2E198111162C60E00088B0AC /* TaksStockService.h */,
				2E198112162C60E00088B0AC /* TaksStockService.m */,
			);
			name = Services;
			sourceTree = "<group>";
		};
		79AD23D2162B199800D054DB /* CustomUI */ = {
			isa = PBXGroup;
			children = (
				79AD23D6162B1A2A00D054DB /* TPKeyboardAvoidingScrollView.h */,
				79AD23D7162B1A2A00D054DB /* TPKeyboardAvoidingScrollView.m */,
			);
			name = CustomUI;
			sourceTree = "<group>";
		};
		79AD23D9162B1CB000D054DB /* DatePickerController */ = {
			isa = PBXGroup;
			children = (
				79AD23E0162B1D9400D054DB /* DatePickerViewController.h */,
				79AD23E1162B1D9400D054DB /* DatePickerViewController.m */,
				79AD23E5162B1DBF00D054DB /* DatePickerViewController_iPhone.xib */,
				79AD23E2162B1D9400D054DB /* DatePickerViewController_iPad.xib */,
			);
			name = DatePickerController;
			path = ..;
			sourceTree = "<group>";
		};
/* End PBXGroup section */

/* Begin PBXNativeTarget section */
		2E02D18D162974B3003200E8 /* TaskManager */ = {
			isa = PBXNativeTarget;
			buildConfigurationList = 2E02D1B5162974B3003200E8 /* Build configuration list for PBXNativeTarget "TaskManager" */;
			buildPhases = (
				2E02D18A162974B3003200E8 /* Sources */,
				2E02D18B162974B3003200E8 /* Frameworks */,
				2E02D18C162974B3003200E8 /* Resources */,
			);
			buildRules = (
			);
			dependencies = (
			);
			name = TaskManager;
			productName = TaskManager;
			productReference = 2E02D18E162974B3003200E8 /* TaskManager.app */;
			productType = "com.apple.product-type.application";
		};
/* End PBXNativeTarget section */

/* Begin PBXProject section */
		2E02D185162974B3003200E8 /* Project object */ = {
			isa = PBXProject;
			attributes = {
				LastUpgradeCheck = 0450;
				ORGANIZATIONNAME = "Erik Witt";
			};
			buildConfigurationList = 2E02D188162974B3003200E8 /* Build configuration list for PBXProject "TaskManager" */;
			compatibilityVersion = "Xcode 3.2";
			developmentRegion = English;
			hasScannedForEncodings = 0;
			knownRegions = (
				en,
			);
			mainGroup = 2E02D183162974B3003200E8;
			productRefGroup = 2E02D18F162974B3003200E8 /* Products */;
			projectDirPath = "";
			projectRoot = "";
			targets = (
				2E02D18D162974B3003200E8 /* TaskManager */,
			);
		};
/* End PBXProject section */

/* Begin PBXResourcesBuildPhase section */
		2E02D18C162974B3003200E8 /* Resources */ = {
			isa = PBXResourcesBuildPhase;
			buildActionMask = 2147483647;
			files = (
				2E02D19D162974B3003200E8 /* InfoPlist.strings in Resources */,
				2E02D1A5162974B3003200E8 /* Default.png in Resources */,
				2E02D1A7162974B3003200E8 /* Default@2x.png in Resources */,
				2E02D1A9162974B3003200E8 /* Default-568h@2x.png in Resources */,
				2E02D1AF162974B3003200E8 /* TaskViewController_iPhone.xib in Resources */,
				2E02D1C316297D64003200E8 /* TaskViewController_iPad.xib in Resources */,
				2E02D1D216298D97003200E8 /* TaskDetailViewController_iPad.xib in Resources */,
				2E02D1D416298DDD003200E8 /* TaskDetailViewController_iPhone.xib in Resources */,
				2E02D1E81629B301003200E8 /* TaskWebViewController_iPhone.xib in Resources */,
				2E02D1EA1629B32B003200E8 /* TaskWebViewController_iPad.xib in Resources */,
				2E02D1F01629B7C9003200E8 /* TaskMapViewController_iPhone.xib in Resources */,
				2E02D1F41629B80B003200E8 /* TaskMapViewController_iPad.xib in Resources */,
				2E1980B5162AFDF40088B0AC /* TaskCreateViewController_iPhone.xib in Resources */,
				2E1980B7162AFE1A0088B0AC /* TaskCreateViewController_iPad.xib in Resources */,
				79AD23E4162B1D9400D054DB /* DatePickerViewController_iPad.xib in Resources */,
				79AD23E6162B1DBF00D054DB /* DatePickerViewController_iPhone.xib in Resources */,
				79AD23F6162B5E8C00D054DB /* icon-retina.png in Resources */,
				79AD23F7162B5E8C00D054DB /* icon-normal.png in Resources */,
				2E19810E162C5E860088B0AC /* Data.plist in Resources */,
			);
			runOnlyForDeploymentPostprocessing = 0;
		};
/* End PBXResourcesBuildPhase section */

/* Begin PBXSourcesBuildPhase section */
		2E02D18A162974B3003200E8 /* Sources */ = {
			isa = PBXSourcesBuildPhase;
			buildActionMask = 2147483647;
			files = (
				2E02D19F162974B3003200E8 /* main.m in Sources */,
				2E02D1A3162974B3003200E8 /* AppDelegate.m in Sources */,
				2E02D1AC162974B3003200E8 /* TaskViewController.m in Sources */,
				2E02D1BA16297704003200E8 /* Task.m in Sources */,
				2E02D1D116298D97003200E8 /* TaskDetailViewController.m in Sources */,
				2E02D1D716299CD8003200E8 /* TaskViewControllerPad.m in Sources */,
				2E02D1DC16299D5B003200E8 /* TaskViewControllerPhone.m in Sources */,
				2E02D1DF1629A2D6003200E8 /* TaskDetailViewControllerPhone.m in Sources */,
				2E02D1E21629A2F2003200E8 /* TaskDetailViewControllerPad.m in Sources */,
				2E02D1E71629B301003200E8 /* TaskWebViewController.m in Sources */,
				2E02D1EF1629B7C9003200E8 /* TaskMapViewController.m in Sources */,
				2E1980B4162AFDF40088B0AC /* TaskCreateViewController.m in Sources */,
				79AD23D8162B1A2A00D054DB /* TPKeyboardAvoidingScrollView.m in Sources */,
				79AD23E3162B1D9400D054DB /* DatePickerViewController.m in Sources */,
				2E198113162C60E00088B0AC /* TaksStockService.m in Sources */,
			);
			runOnlyForDeploymentPostprocessing = 0;
		};
/* End PBXSourcesBuildPhase section */

/* Begin PBXVariantGroup section */
		2E02D19B162974B3003200E8 /* InfoPlist.strings */ = {
			isa = PBXVariantGroup;
			children = (
				2E02D19C162974B3003200E8 /* en */,
			);
			name = InfoPlist.strings;
			sourceTree = "<group>";
		};
		2E02D1AD162974B3003200E8 /* TaskViewController_iPhone.xib */ = {
			isa = PBXVariantGroup;
			children = (
				2E02D1AE162974B3003200E8 /* en */,
			);
			name = TaskViewController_iPhone.xib;
			sourceTree = "<group>";
		};
		2E02D1C116297D64003200E8 /* TaskViewController_iPad.xib */ = {
			isa = PBXVariantGroup;
			children = (
				2E02D1C216297D64003200E8 /* en */,
			);
			name = TaskViewController_iPad.xib;
			sourceTree = "<group>";
		};
/* End PBXVariantGroup section */

/* Begin XCBuildConfiguration section */
		2E02D1B3162974B3003200E8 /* Debug */ = {
			isa = XCBuildConfiguration;
			buildSettings = {
				ALWAYS_SEARCH_USER_PATHS = NO;
				CLANG_CXX_LANGUAGE_STANDARD = "gnu++0x";
				CLANG_CXX_LIBRARY = "libc++";
				CLANG_ENABLE_OBJC_ARC = YES;
				CLANG_WARN_EMPTY_BODY = YES;
				CLANG_WARN__DUPLICATE_METHOD_MATCH = YES;
				"CODE_SIGN_IDENTITY[sdk=iphoneos*]" = "iPhone Developer";
				COPY_PHASE_STRIP = NO;
				GCC_C_LANGUAGE_STANDARD = gnu99;
				GCC_DYNAMIC_NO_PIC = NO;
				GCC_OPTIMIZATION_LEVEL = 0;
				GCC_PREPROCESSOR_DEFINITIONS = (
					"DEBUG=1",
					"$(inherited)",
				);
				GCC_SYMBOLS_PRIVATE_EXTERN = NO;
				GCC_WARN_ABOUT_RETURN_TYPE = YES;
				GCC_WARN_UNINITIALIZED_AUTOS = YES;
				GCC_WARN_UNUSED_VARIABLE = YES;
				IPHONEOS_DEPLOYMENT_TARGET = 5.1;
				ONLY_ACTIVE_ARCH = YES;
				SDKROOT = iphoneos;
				TARGETED_DEVICE_FAMILY = "1,2";
			};
			name = Debug;
		};
		2E02D1B4162974B3003200E8 /* Release */ = {
			isa = XCBuildConfiguration;
			buildSettings = {
				ALWAYS_SEARCH_USER_PATHS = NO;
				CLANG_CXX_LANGUAGE_STANDARD = "gnu++0x";
				CLANG_CXX_LIBRARY = "libc++";
				CLANG_ENABLE_OBJC_ARC = YES;
				CLANG_WARN_EMPTY_BODY = YES;
				CLANG_WARN__DUPLICATE_METHOD_MATCH = YES;
				"CODE_SIGN_IDENTITY[sdk=iphoneos*]" = "iPhone Developer";
				COPY_PHASE_STRIP = YES;
				GCC_C_LANGUAGE_STANDARD = gnu99;
				GCC_WARN_ABOUT_RETURN_TYPE = YES;
				GCC_WARN_UNINITIALIZED_AUTOS = YES;
				GCC_WARN_UNUSED_VARIABLE = YES;
				IPHONEOS_DEPLOYMENT_TARGET = 5.1;
				OTHER_CFLAGS = "-DNS_BLOCK_ASSERTIONS=1";
				SDKROOT = iphoneos;
				TARGETED_DEVICE_FAMILY = "1,2";
				VALIDATE_PRODUCT = YES;
			};
			name = Release;
		};
		2E02D1B6162974B3003200E8 /* Debug */ = {
			isa = XCBuildConfiguration;
			buildSettings = {
				GCC_PRECOMPILE_PREFIX_HEADER = YES;
				GCC_PREFIX_HEADER = "TaskManager/TaskManager-Prefix.pch";
				INFOPLIST_FILE = "TaskManager/TaskManager-Info.plist";
				IPHONEOS_DEPLOYMENT_TARGET = 5.1;
				PRODUCT_NAME = "$(TARGET_NAME)";
				WRAPPER_EXTENSION = app;
			};
			name = Debug;
		};
		2E02D1B7162974B3003200E8 /* Release */ = {
			isa = XCBuildConfiguration;
			buildSettings = {
				GCC_PRECOMPILE_PREFIX_HEADER = YES;
				GCC_PREFIX_HEADER = "TaskManager/TaskManager-Prefix.pch";
				INFOPLIST_FILE = "TaskManager/TaskManager-Info.plist";
				IPHONEOS_DEPLOYMENT_TARGET = 5.1;
				PRODUCT_NAME = "$(TARGET_NAME)";
				WRAPPER_EXTENSION = app;
			};
			name = Release;
		};
/* End XCBuildConfiguration section */

/* Begin XCConfigurationList section */
		2E02D188162974B3003200E8 /* Build configuration list for PBXProject "TaskManager" */ = {
			isa = XCConfigurationList;
			buildConfigurations = (
				2E02D1B3162974B3003200E8 /* Debug */,
				2E02D1B4162974B3003200E8 /* Release */,
			);
			defaultConfigurationIsVisible = 0;
			defaultConfigurationName = Release;
		};
		2E02D1B5162974B3003200E8 /* Build configuration list for PBXNativeTarget "TaskManager" */ = {
			isa = XCConfigurationList;
			buildConfigurations = (
				2E02D1B6162974B3003200E8 /* Debug */,
				2E02D1B7162974B3003200E8 /* Release */,
			);
			defaultConfigurationIsVisible = 0;
			defaultConfigurationName = Release;
		};
/* End XCConfigurationList section */
	};
	rootObject = 2E02D185162974B3003200E8 /* Project object */;
}
